
Microsoft Visual Studio Solution File, Format Version 12.00
# Visual Studio Version 17
VisualStudioVersion = 17.0.31903.59
MinimumVisualStudioVersion = 10.0.40219.1
Project("{2150E333-8FDC-42A3-9474-1A3956D46DE8}") = "StudentManagement", "StudentManagement", "{526D36D7-5CA6-4279-A01B-36268E51F421}"
EndProject
Project("{FAE04EC0-301F-11D3-BF4B-00C04F79EFBC}") = "StudentManagement.Application", "StudentManagement\StudentManagement.Application\StudentManagement.Application.csproj", "{7FC7BCB3-5174-4795-9289-551AB7094C95}"
EndProject
Project("{FAE04EC0-301F-11D3-BF4B-00C04F79EFBC}") = "StudentManagement.Domain", "StudentManagement\StudentManagement.Domain\StudentManagement.Domain.csproj", "{23CF61E3-27CE-46AB-8DE9-A40C77E9406E}"
EndProject
Project("{FAE04EC0-301F-11D3-BF4B-00C04F79EFBC}") = "StudentManagement.Infrastructure", "StudentManagement\StudentManagement.Infrastructure\StudentManagement.Infrastructure.csproj", "{C0F3B0AF-45B7-4595-A8A4-88308BF3B79A}"
EndProject
Project("{FAE04EC0-301F-11D3-BF4B-00C04F79EFBC}") = "StudentManagement.API", "StudentManagement\StudentManagement.API\StudentManagement.API.csproj", "{6205C009-AA11-4587-A74B-FD89E9D28163}"
EndProject
Project("{2150E333-8FDC-42A3-9474-1A3956D46DE8}") = "ClassManagement", "ClassManagement", "{8F04BA5C-2088-4387-9763-FE162D9BAF84}"
EndProject
Project("{FAE04EC0-301F-11D3-BF4B-00C04F79EFBC}") = "ClassManagement.Application", "ClassManagement\ClassManagement.Application\ClassManagement.Application.csproj", "{E0928D23-AE1D-45D9-AC3F-1F242CEAD1B1}"
EndProject
Project("{FAE04EC0-301F-11D3-BF4B-00C04F79EFBC}") = "ClassManagement.Domain", "ClassManagement\ClassManagement.Domain\ClassManagement.Domain.csproj", "{0287FB15-BBA9-4E72-8D16-89015C5EF9AE}"
EndProject
Project("{FAE04EC0-301F-11D3-BF4B-00C04F79EFBC}") = "ClassManagement.Infrastructure", "ClassManagement\ClassManagement.Infrastructure\ClassManagement.Infrastructure.csproj", "{D628B5BB-A4BA-4DD1-85E0-8CD103BFEA6F}"
EndProject
Project("{FAE04EC0-301F-11D3-BF4B-00C04F79EFBC}") = "ClassManagement.API", "ClassManagement\ClassManagement.API\ClassManagement.API.csproj", "{A1331A45-7E9C-4A2A-A48C-B7324BC061CC}"
EndProject
Project("{FAE04EC0-301F-11D3-BF4B-00C04F79EFBC}") = "ClassManagement.Tests", "ClassManagement\ClassManagement.Tests\ClassManagement.Tests.csproj", "{0915E9EF-B547-4783-AC79-1DB2AC0F39C8}"
EndProject
Project("{FAE04EC0-301F-11D3-BF4B-00C04F79EFBC}") = "StudentManagement.Tests", "StudentManagement\StudentManagement.Tests\StudentManagement.Tests.csproj", "{F737A0C0-E60C-40BA-B50B-0891816680A7}"
EndProject
Project("{2150E333-8FDC-42A3-9474-1A3956D46DE8}") = "AuthenticationService", "AuthenticationService", "{0B0B1784-4976-4E75-A5B6-04956B16D326}"
EndProject
Project("{FAE04EC0-301F-11D3-BF4B-00C04F79EFBC}") = "AuthenticationService.Domain", "AuthenticationService\AuthenticationService.Domain\AuthenticationService.Domain.csproj", "{A5393A03-4BBC-4C00-9388-72622463A98D}"
EndProject
Project("{FAE04EC0-301F-11D3-BF4B-00C04F79EFBC}") = "AuthenticationService.Application", "AuthenticationService\AuthenticationService.Application\AuthenticationService.Application.csproj", "{8292F6F3-AC0D-4BEE-B211-EDE2BFD895DD}"
EndProject
Project("{FAE04EC0-301F-11D3-BF4B-00C04F79EFBC}") = "AuthenticationService.Infrastructure", "AuthenticationService\AuthenticationService.Infrastructure\AuthenticationService.Infrastructure.csproj", "{FA842823-F851-4E5F-B53F-E16CC843B3B1}"
EndProject
Project("{FAE04EC0-301F-11D3-BF4B-00C04F79EFBC}") = "AuthenticationService.API", "AuthenticationService\AuthenticationService.API\AuthenticationService.API.csproj", "{8053AF4C-2E7F-46E1-90B2-1274AB65AACB}"
EndProject
Project("{FAE04EC0-301F-11D3-BF4B-00C04F79EFBC}") = "AuthenticationService.Tests", "AuthenticationService\AuthenticationService.Tests\AuthenticationService.Tests.csproj", "{EE6C692E-9A69-4265-8DCD-99CC1C8AE8DB}"
EndProject
Global
	GlobalSection(SolutionConfigurationPlatforms) = preSolution
		Debug|Any CPU = Debug|Any CPU
		Release|Any CPU = Release|Any CPU
	EndGlobalSection
	GlobalSection(SolutionProperties) = preSolution
		HideSolutionNode = FALSE
	EndGlobalSection
	GlobalSection(ProjectConfigurationPlatforms) = postSolution
		{7FC7BCB3-5174-4795-9289-551AB7094C95}.Debug|Any CPU.ActiveCfg = Debug|Any CPU
		{7FC7BCB3-5174-4795-9289-551AB7094C95}.Debug|Any CPU.Build.0 = Debug|Any CPU
		{7FC7BCB3-5174-4795-9289-551AB7094C95}.Release|Any CPU.ActiveCfg = Release|Any CPU
		{7FC7BCB3-5174-4795-9289-551AB7094C95}.Release|Any CPU.Build.0 = Release|Any CPU
		{23CF61E3-27CE-46AB-8DE9-A40C77E9406E}.Debug|Any CPU.ActiveCfg = Debug|Any CPU
		{23CF61E3-27CE-46AB-8DE9-A40C77E9406E}.Debug|Any CPU.Build.0 = Debug|Any CPU
		{23CF61E3-27CE-46AB-8DE9-A40C77E9406E}.Release|Any CPU.ActiveCfg = Release|Any CPU
		{23CF61E3-27CE-46AB-8DE9-A40C77E9406E}.Release|Any CPU.Build.0 = Release|Any CPU
		{C0F3B0AF-45B7-4595-A8A4-88308BF3B79A}.Debug|Any CPU.ActiveCfg = Debug|Any CPU
		{C0F3B0AF-45B7-4595-A8A4-88308BF3B79A}.Debug|Any CPU.Build.0 = Debug|Any CPU
		{C0F3B0AF-45B7-4595-A8A4-88308BF3B79A}.Release|Any CPU.ActiveCfg = Release|Any CPU
		{C0F3B0AF-45B7-4595-A8A4-88308BF3B79A}.Release|Any CPU.Build.0 = Release|Any CPU
		{6205C009-AA11-4587-A74B-FD89E9D28163}.Debug|Any CPU.ActiveCfg = Debug|Any CPU
		{6205C009-AA11-4587-A74B-FD89E9D28163}.Debug|Any CPU.Build.0 = Debug|Any CPU
		{6205C009-AA11-4587-A74B-FD89E9D28163}.Release|Any CPU.ActiveCfg = Release|Any CPU
		{6205C009-AA11-4587-A74B-FD89E9D28163}.Release|Any CPU.Build.0 = Release|Any CPU
		{E0928D23-AE1D-45D9-AC3F-1F242CEAD1B1}.Debug|Any CPU.ActiveCfg = Debug|Any CPU
		{E0928D23-AE1D-45D9-AC3F-1F242CEAD1B1}.Debug|Any CPU.Build.0 = Debug|Any CPU
		{E0928D23-AE1D-45D9-AC3F-1F242CEAD1B1}.Release|Any CPU.ActiveCfg = Release|Any CPU
		{E0928D23-AE1D-45D9-AC3F-1F242CEAD1B1}.Release|Any CPU.Build.0 = Release|Any CPU
		{0287FB15-BBA9-4E72-8D16-89015C5EF9AE}.Debug|Any CPU.ActiveCfg = Debug|Any CPU
		{0287FB15-BBA9-4E72-8D16-89015C5EF9AE}.Debug|Any CPU.Build.0 = Debug|Any CPU
		{0287FB15-BBA9-4E72-8D16-89015C5EF9AE}.Release|Any CPU.ActiveCfg = Release|Any CPU
		{0287FB15-BBA9-4E72-8D16-89015C5EF9AE}.Release|Any CPU.Build.0 = Release|Any CPU
		{D628B5BB-A4BA-4DD1-85E0-8CD103BFEA6F}.Debug|Any CPU.ActiveCfg = Debug|Any CPU
		{D628B5BB-A4BA-4DD1-85E0-8CD103BFEA6F}.Debug|Any CPU.Build.0 = Debug|Any CPU
		{D628B5BB-A4BA-4DD1-85E0-8CD103BFEA6F}.Release|Any CPU.ActiveCfg = Release|Any CPU
		{D628B5BB-A4BA-4DD1-85E0-8CD103BFEA6F}.Release|Any CPU.Build.0 = Release|Any CPU
		{A1331A45-7E9C-4A2A-A48C-B7324BC061CC}.Debug|Any CPU.ActiveCfg = Debug|Any CPU
		{A1331A45-7E9C-4A2A-A48C-B7324BC061CC}.Debug|Any CPU.Build.0 = Debug|Any CPU
		{A1331A45-7E9C-4A2A-A48C-B7324BC061CC}.Release|Any CPU.ActiveCfg = Release|Any CPU
		{A1331A45-7E9C-4A2A-A48C-B7324BC061CC}.Release|Any CPU.Build.0 = Release|Any CPU
		{0915E9EF-B547-4783-AC79-1DB2AC0F39C8}.Debug|Any CPU.ActiveCfg = Debug|Any CPU
		{0915E9EF-B547-4783-AC79-1DB2AC0F39C8}.Debug|Any CPU.Build.0 = Debug|Any CPU
		{0915E9EF-B547-4783-AC79-1DB2AC0F39C8}.Release|Any CPU.ActiveCfg = Release|Any CPU
		{0915E9EF-B547-4783-AC79-1DB2AC0F39C8}.Release|Any CPU.Build.0 = Release|Any CPU
		{F737A0C0-E60C-40BA-B50B-0891816680A7}.Debug|Any CPU.ActiveCfg = Debug|Any CPU
		{F737A0C0-E60C-40BA-B50B-0891816680A7}.Debug|Any CPU.Build.0 = Debug|Any CPU
		{F737A0C0-E60C-40BA-B50B-0891816680A7}.Release|Any CPU.ActiveCfg = Release|Any CPU
		{F737A0C0-E60C-40BA-B50B-0891816680A7}.Release|Any CPU.Build.0 = Release|Any CPU
		{A5393A03-4BBC-4C00-9388-72622463A98D}.Debug|Any CPU.ActiveCfg = Debug|Any CPU
		{A5393A03-4BBC-4C00-9388-72622463A98D}.Debug|Any CPU.Build.0 = Debug|Any CPU
		{A5393A03-4BBC-4C00-9388-72622463A98D}.Release|Any CPU.ActiveCfg = Release|Any CPU
		{A5393A03-4BBC-4C00-9388-72622463A98D}.Release|Any CPU.Build.0 = Release|Any CPU
		{8292F6F3-AC0D-4BEE-B211-EDE2BFD895DD}.Debug|Any CPU.ActiveCfg = Debug|Any CPU
		{8292F6F3-AC0D-4BEE-B211-EDE2BFD895DD}.Debug|Any CPU.Build.0 = Debug|Any CPU
		{8292F6F3-AC0D-4BEE-B211-EDE2BFD895DD}.Release|Any CPU.ActiveCfg = Release|Any CPU
		{8292F6F3-AC0D-4BEE-B211-EDE2BFD895DD}.Release|Any CPU.Build.0 = Release|Any CPU
		{FA842823-F851-4E5F-B53F-E16CC843B3B1}.Debug|Any CPU.ActiveCfg = Debug|Any CPU
		{FA842823-F851-4E5F-B53F-E16CC843B3B1}.Debug|Any CPU.Build.0 = Debug|Any CPU
		{FA842823-F851-4E5F-B53F-E16CC843B3B1}.Release|Any CPU.ActiveCfg = Release|Any CPU
		{FA842823-F851-4E5F-B53F-E16CC843B3B1}.Release|Any CPU.Build.0 = Release|Any CPU
		{8053AF4C-2E7F-46E1-90B2-1274AB65AACB}.Debug|Any CPU.ActiveCfg = Debug|Any CPU
		{8053AF4C-2E7F-46E1-90B2-1274AB65AACB}.Debug|Any CPU.Build.0 = Debug|Any CPU
		{8053AF4C-2E7F-46E1-90B2-1274AB65AACB}.Release|Any CPU.ActiveCfg = Release|Any CPU
		{8053AF4C-2E7F-46E1-90B2-1274AB65AACB}.Release|Any CPU.Build.0 = Release|Any CPU
		{EE6C692E-9A69-4265-8DCD-99CC1C8AE8DB}.Debug|Any CPU.ActiveCfg = Debug|Any CPU
		{EE6C692E-9A69-4265-8DCD-99CC1C8AE8DB}.Debug|Any CPU.Build.0 = Debug|Any CPU
		{EE6C692E-9A69-4265-8DCD-99CC1C8AE8DB}.Release|Any CPU.ActiveCfg = Release|Any CPU
		{EE6C692E-9A69-4265-8DCD-99CC1C8AE8DB}.Release|Any CPU.Build.0 = Release|Any CPU
	EndGlobalSection
	GlobalSection(NestedProjects) = preSolution
		{7FC7BCB3-5174-4795-9289-551AB7094C95} = {526D36D7-5CA6-4279-A01B-36268E51F421}
		{23CF61E3-27CE-46AB-8DE9-A40C77E9406E} = {526D36D7-5CA6-4279-A01B-36268E51F421}
		{C0F3B0AF-45B7-4595-A8A4-88308BF3B79A} = {526D36D7-5CA6-4279-A01B-36268E51F421}
		{6205C009-AA11-4587-A74B-FD89E9D28163} = {526D36D7-5CA6-4279-A01B-36268E51F421}
		{E0928D23-AE1D-45D9-AC3F-1F242CEAD1B1} = {8F04BA5C-2088-4387-9763-FE162D9BAF84}
		{0287FB15-BBA9-4E72-8D16-89015C5EF9AE} = {8F04BA5C-2088-4387-9763-FE162D9BAF84}
		{D628B5BB-A4BA-4DD1-85E0-8CD103BFEA6F} = {8F04BA5C-2088-4387-9763-FE162D9BAF84}
		{A1331A45-7E9C-4A2A-A48C-B7324BC061CC} = {8F04BA5C-2088-4387-9763-FE162D9BAF84}
		{0915E9EF-B547-4783-AC79-1DB2AC0F39C8} = {8F04BA5C-2088-4387-9763-FE162D9BAF84}
		{F737A0C0-E60C-40BA-B50B-0891816680A7} = {526D36D7-5CA6-4279-A01B-36268E51F421}
		{A5393A03-4BBC-4C00-9388-72622463A98D} = {0B0B1784-4976-4E75-A5B6-04956B16D326}
		{8292F6F3-AC0D-4BEE-B211-EDE2BFD895DD} = {0B0B1784-4976-4E75-A5B6-04956B16D326}
		{FA842823-F851-4E5F-B53F-E16CC843B3B1} = {0B0B1784-4976-4E75-A5B6-04956B16D326}
		{8053AF4C-2E7F-46E1-90B2-1274AB65AACB} = {0B0B1784-4976-4E75-A5B6-04956B16D326}
		{EE6C692E-9A69-4265-8DCD-99CC1C8AE8DB} = {0B0B1784-4976-4E75-A5B6-04956B16D326}
	EndGlobalSection
EndGlobal
